// !$*UTF8*$!
{
	archiveVersion = 1;
	classes = {
	};
	objectVersion = 56;
	objects = {

/* Begin PBXBuildFile section */
		0C4A42732AAF1137009207EA /* ToggleVC.swift in Sources */ = {isa = PBXBuildFile; fileRef = 0C4A42722AAF1137009207EA /* ToggleVC.swift */; };
		0C5561D32AA5E11700F71C58 /* RadioButtonVC.swift in Sources */ = {isa = PBXBuildFile; fileRef = 0C5561D22AA5E11700F71C58 /* RadioButtonVC.swift */; };
		0C56BAF32AAB068200C84187 /* CheckBoxVC.swift in Sources */ = {isa = PBXBuildFile; fileRef = 0C56BAF22AAB068200C84187 /* CheckBoxVC.swift */; };
		0CA2C5EB2AA88D4B00E3C308 /* FormTextFieldVC.swift in Sources */ = {isa = PBXBuildFile; fileRef = 0CA2C5EA2AA88D4B00E3C308 /* FormTextFieldVC.swift */; };
		0CA2C5ED2AA88D6100E3C308 /* ButtonsVC.swift in Sources */ = {isa = PBXBuildFile; fileRef = 0CA2C5EC2AA88D6100E3C308 /* ButtonsVC.swift */; };
		0CAEA95A2AA718600004A11F /* DesignComponents in Frameworks */ = {isa = PBXBuildFile; productRef = 0CAEA9592AA718600004A11F /* DesignComponents */; };
		88AE88D82A248586001D1777 /* UIFont+Custom.swift in Sources */ = {isa = PBXBuildFile; fileRef = 88AE88D72A248586001D1777 /* UIFont+Custom.swift */; };
		88AE88E12A24A25E001D1777 /* Inter-Bold.ttf in Resources */ = {isa = PBXBuildFile; fileRef = 88AE88DD2A24A25E001D1777 /* Inter-Bold.ttf */; };
		88AE88E22A24A25E001D1777 /* Inter-Medium.ttf in Resources */ = {isa = PBXBuildFile; fileRef = 88AE88DE2A24A25E001D1777 /* Inter-Medium.ttf */; };
		88AE88E32A24A25E001D1777 /* Inter-Regular.ttf in Resources */ = {isa = PBXBuildFile; fileRef = 88AE88DF2A24A25E001D1777 /* Inter-Regular.ttf */; };
		88AE88E42A24A25E001D1777 /* Inter-SemiBold.ttf in Resources */ = {isa = PBXBuildFile; fileRef = 88AE88E02A24A25E001D1777 /* Inter-SemiBold.ttf */; };
		88DF85872A0CB3B5001724EC /* AppDelegate.swift in Sources */ = {isa = PBXBuildFile; fileRef = 88DF85862A0CB3B5001724EC /* AppDelegate.swift */; };
		88DF858B2A0CB3B5001724EC /* ViewController.swift in Sources */ = {isa = PBXBuildFile; fileRef = 88DF858A2A0CB3B5001724EC /* ViewController.swift */; };
		88DF858E2A0CB3B5001724EC /* Main.storyboard in Resources */ = {isa = PBXBuildFile; fileRef = 88DF858C2A0CB3B5001724EC /* Main.storyboard */; };
		88DF85902A0CB3B6001724EC /* Assets.xcassets in Resources */ = {isa = PBXBuildFile; fileRef = 88DF858F2A0CB3B6001724EC /* Assets.xcassets */; };
		88DF859C2A0CB43D001724EC /* LaunchScreen.storyboard in Resources */ = {isa = PBXBuildFile; fileRef = 88DF859B2A0CB43D001724EC /* LaunchScreen.storyboard */; };
/* End PBXBuildFile section */

/* Begin PBXFileReference section */
		0C4A42722AAF1137009207EA /* ToggleVC.swift */ = {isa = PBXFileReference; lastKnownFileType = sourcecode.swift; path = ToggleVC.swift; sourceTree = "<group>"; };
		0C5561D22AA5E11700F71C58 /* RadioButtonVC.swift */ = {isa = PBXFileReference; lastKnownFileType = sourcecode.swift; path = RadioButtonVC.swift; sourceTree = "<group>"; };
		0C56BAF22AAB068200C84187 /* CheckBoxVC.swift */ = {isa = PBXFileReference; lastKnownFileType = sourcecode.swift; path = CheckBoxVC.swift; sourceTree = "<group>"; };
		0CA2C5EA2AA88D4B00E3C308 /* FormTextFieldVC.swift */ = {isa = PBXFileReference; lastKnownFileType = sourcecode.swift; path = FormTextFieldVC.swift; sourceTree = "<group>"; };
		0CA2C5EC2AA88D6100E3C308 /* ButtonsVC.swift */ = {isa = PBXFileReference; lastKnownFileType = sourcecode.swift; path = ButtonsVC.swift; sourceTree = "<group>"; };
		0CAEA9572AA717570004A11F /* DesignComponents */ = {isa = PBXFileReference; lastKnownFileType = wrapper; name = DesignComponents; path = ../DesignComponents; sourceTree = "<group>"; };
		88AE88D72A248586001D1777 /* UIFont+Custom.swift */ = {isa = PBXFileReference; lastKnownFileType = sourcecode.swift; path = "UIFont+Custom.swift"; sourceTree = "<group>"; };
		88AE88DD2A24A25E001D1777 /* Inter-Bold.ttf */ = {isa = PBXFileReference; lastKnownFileType = file; path = "Inter-Bold.ttf"; sourceTree = "<group>"; };
		88AE88DE2A24A25E001D1777 /* Inter-Medium.ttf */ = {isa = PBXFileReference; lastKnownFileType = file; path = "Inter-Medium.ttf"; sourceTree = "<group>"; };
		88AE88DF2A24A25E001D1777 /* Inter-Regular.ttf */ = {isa = PBXFileReference; lastKnownFileType = file; path = "Inter-Regular.ttf"; sourceTree = "<group>"; };
		88AE88E02A24A25E001D1777 /* Inter-SemiBold.ttf */ = {isa = PBXFileReference; lastKnownFileType = file; path = "Inter-SemiBold.ttf"; sourceTree = "<group>"; };
		88DF85832A0CB3B5001724EC /* DesignComponentsDemo.app */ = {isa = PBXFileReference; explicitFileType = wrapper.application; includeInIndex = 0; path = DesignComponentsDemo.app; sourceTree = BUILT_PRODUCTS_DIR; };
		88DF85862A0CB3B5001724EC /* AppDelegate.swift */ = {isa = PBXFileReference; lastKnownFileType = sourcecode.swift; path = AppDelegate.swift; sourceTree = "<group>"; };
		88DF858A2A0CB3B5001724EC /* ViewController.swift */ = {isa = PBXFileReference; lastKnownFileType = sourcecode.swift; path = ViewController.swift; sourceTree = "<group>"; };
		88DF858D2A0CB3B5001724EC /* Base */ = {isa = PBXFileReference; lastKnownFileType = file.storyboard; name = Base; path = Base.lproj/Main.storyboard; sourceTree = "<group>"; };
		88DF858F2A0CB3B6001724EC /* Assets.xcassets */ = {isa = PBXFileReference; lastKnownFileType = folder.assetcatalog; path = Assets.xcassets; sourceTree = "<group>"; };
		88DF85942A0CB3B6001724EC /* Info.plist */ = {isa = PBXFileReference; lastKnownFileType = text.plist.xml; path = Info.plist; sourceTree = "<group>"; };
		88DF859B2A0CB43D001724EC /* LaunchScreen.storyboard */ = {isa = PBXFileReference; lastKnownFileType = file.storyboard; path = LaunchScreen.storyboard; sourceTree = "<group>"; };
/* End PBXFileReference section */

/* Begin PBXFrameworksBuildPhase section */
		88DF85802A0CB3B5001724EC /* Frameworks */ = {
			isa = PBXFrameworksBuildPhase;
			buildActionMask = 2147483647;
			files = (
				0CAEA95A2AA718600004A11F /* DesignComponents in Frameworks */,
			);
			runOnlyForDeploymentPostprocessing = 0;
		};
/* End PBXFrameworksBuildPhase section */

/* Begin PBXGroup section */
		0CAEA9562AA717570004A11F /* Packages */ = {
			isa = PBXGroup;
			children = (
				0CAEA9572AA717570004A11F /* DesignComponents */,
			);
			name = Packages;
			sourceTree = "<group>";
		};
		0CAEA9582AA718600004A11F /* Frameworks */ = {
			isa = PBXGroup;
			children = (
			);
			name = Frameworks;
			sourceTree = "<group>";
		};
		88AE88D32A248437001D1777 /* Fonts */ = {
			isa = PBXGroup;
			children = (
				88AE88DD2A24A25E001D1777 /* Inter-Bold.ttf */,
				88AE88E02A24A25E001D1777 /* Inter-SemiBold.ttf */,
				88AE88DE2A24A25E001D1777 /* Inter-Medium.ttf */,
				88AE88DF2A24A25E001D1777 /* Inter-Regular.ttf */,
			);
			path = Fonts;
			sourceTree = "<group>";
		};
		88DF857A2A0CB3B5001724EC = {
			isa = PBXGroup;
			children = (
				0CAEA9562AA717570004A11F /* Packages */,
				88DF85852A0CB3B5001724EC /* DesignComponentsDemo */,
				88DF85842A0CB3B5001724EC /* Products */,
				0CAEA9582AA718600004A11F /* Frameworks */,
			);
			sourceTree = "<group>";
		};
		88DF85842A0CB3B5001724EC /* Products */ = {
			isa = PBXGroup;
			children = (
				88DF85832A0CB3B5001724EC /* DesignComponentsDemo.app */,
			);
			name = Products;
			sourceTree = "<group>";
		};
		88DF85852A0CB3B5001724EC /* DesignComponentsDemo */ = {
			isa = PBXGroup;
			children = (
				88DF85862A0CB3B5001724EC /* AppDelegate.swift */,
				88DF858A2A0CB3B5001724EC /* ViewController.swift */,
				0CA2C5EA2AA88D4B00E3C308 /* FormTextFieldVC.swift */,
				0CA2C5EC2AA88D6100E3C308 /* ButtonsVC.swift */,
				0C5561D22AA5E11700F71C58 /* RadioButtonVC.swift */,
				0C56BAF22AAB068200C84187 /* CheckBoxVC.swift */,
				0C4A42722AAF1137009207EA /* ToggleVC.swift */,
				88AE88D72A248586001D1777 /* UIFont+Custom.swift */,
				88DF859A2A0CB419001724EC /* Storyboards */,
				88DF859D2A0CB483001724EC /* Supporting Files */,
			);
			path = DesignComponentsDemo;
			sourceTree = "<group>";
		};
		88DF859A2A0CB419001724EC /* Storyboards */ = {
			isa = PBXGroup;
			children = (
				88DF858C2A0CB3B5001724EC /* Main.storyboard */,
				88DF859B2A0CB43D001724EC /* LaunchScreen.storyboard */,
			);
			path = Storyboards;
			sourceTree = "<group>";
		};
		88DF859D2A0CB483001724EC /* Supporting Files */ = {
			isa = PBXGroup;
			children = (
				88AE88D32A248437001D1777 /* Fonts */,
				88DF858F2A0CB3B6001724EC /* Assets.xcassets */,
				88DF85942A0CB3B6001724EC /* Info.plist */,
			);
			path = "Supporting Files";
			sourceTree = "<group>";
		};
/* End PBXGroup section */

/* Begin PBXNativeTarget section */
		88DF85822A0CB3B5001724EC /* DesignComponentsDemo */ = {
			isa = PBXNativeTarget;
			buildConfigurationList = 88DF85972A0CB3B6001724EC /* Build configuration list for PBXNativeTarget "DesignComponentsDemo" */;
			buildPhases = (
				88DF857F2A0CB3B5001724EC /* Sources */,
				88DF85802A0CB3B5001724EC /* Frameworks */,
				88DF85812A0CB3B5001724EC /* Resources */,
			);
			buildRules = (
			);
			dependencies = (
			);
			name = DesignComponentsDemo;
			packageProductDependencies = (
				0CAEA9592AA718600004A11F /* DesignComponents */,
			);
			productName = DesignComponentsDemo;
			productReference = 88DF85832A0CB3B5001724EC /* DesignComponentsDemo.app */;
			productType = "com.apple.product-type.application";
		};
/* End PBXNativeTarget section */

/* Begin PBXProject section */
		88DF857B2A0CB3B5001724EC /* Project object */ = {
			isa = PBXProject;
			attributes = {
				BuildIndependentTargetsInParallel = 1;
				LastSwiftUpdateCheck = 1420;
				LastUpgradeCheck = 1420;
				TargetAttributes = {
					88DF85822A0CB3B5001724EC = {
						CreatedOnToolsVersion = 14.2;
					};
				};
			};
			buildConfigurationList = 88DF857E2A0CB3B5001724EC /* Build configuration list for PBXProject "DesignComponentsDemo" */;
			compatibilityVersion = "Xcode 14.0";
			developmentRegion = en;
			hasScannedForEncodings = 0;
			knownRegions = (
				en,
				Base,
			);
			mainGroup = 88DF857A2A0CB3B5001724EC;
			productRefGroup = 88DF85842A0CB3B5001724EC /* Products */;
			projectDirPath = "";
			projectRoot = "";
			targets = (
				88DF85822A0CB3B5001724EC /* DesignComponentsDemo */,
			);
		};
/* End PBXProject section */

/* Begin PBXResourcesBuildPhase section */
		88DF85812A0CB3B5001724EC /* Resources */ = {
			isa = PBXResourcesBuildPhase;
			buildActionMask = 2147483647;
			files = (
				88DF859C2A0CB43D001724EC /* LaunchScreen.storyboard in Resources */,
				88DF85902A0CB3B6001724EC /* Assets.xcassets in Resources */,
				88AE88E12A24A25E001D1777 /* Inter-Bold.ttf in Resources */,
				88AE88E42A24A25E001D1777 /* Inter-SemiBold.ttf in Resources */,
				88DF858E2A0CB3B5001724EC /* Main.storyboard in Resources */,
				88AE88E32A24A25E001D1777 /* Inter-Regular.ttf in Resources */,
				88AE88E22A24A25E001D1777 /* Inter-Medium.ttf in Resources */,
			);
			runOnlyForDeploymentPostprocessing = 0;
		};
/* End PBXResourcesBuildPhase section */

/* Begin PBXSourcesBuildPhase section */
		88DF857F2A0CB3B5001724EC /* Sources */ = {
			isa = PBXSourcesBuildPhase;
			buildActionMask = 2147483647;
			files = (
				0CA2C5ED2AA88D6100E3C308 /* ButtonsVC.swift in Sources */,
				0CA2C5EB2AA88D4B00E3C308 /* FormTextFieldVC.swift in Sources */,
				88DF858B2A0CB3B5001724EC /* ViewController.swift in Sources */,
				88AE88D82A248586001D1777 /* UIFont+Custom.swift in Sources */,
				0C4A42732AAF1137009207EA /* ToggleVC.swift in Sources */,
				0C56BAF32AAB068200C84187 /* CheckBoxVC.swift in Sources */,
				88DF85872A0CB3B5001724EC /* AppDelegate.swift in Sources */,
				0C5561D32AA5E11700F71C58 /* RadioButtonVC.swift in Sources */,
			);
			runOnlyForDeploymentPostprocessing = 0;
		};
/* End PBXSourcesBuildPhase section */

/* Begin PBXVariantGroup section */
		88DF858C2A0CB3B5001724EC /* Main.storyboard */ = {
			isa = PBXVariantGroup;
			children = (
				88DF858D2A0CB3B5001724EC /* Base */,
			);
			name = Main.storyboard;
			sourceTree = "<group>";
		};
/* End PBXVariantGroup section */

/* Begin XCBuildConfiguration section */
		88DF85952A0CB3B6001724EC /* Debug */ = {
			isa = XCBuildConfiguration;
			buildSettings = {
				ALWAYS_SEARCH_USER_PATHS = NO;
				CLANG_ANALYZER_NONNULL = YES;
				CLANG_ANALYZER_NUMBER_OBJECT_CONVERSION = YES_AGGRESSIVE;
				CLANG_CXX_LANGUAGE_STANDARD = "gnu++20";
				CLANG_ENABLE_MODULES = YES;
				CLANG_ENABLE_OBJC_ARC = YES;
				CLANG_ENABLE_OBJC_WEAK = YES;
				CLANG_WARN_BLOCK_CAPTURE_AUTORELEASING = YES;
				CLANG_WARN_BOOL_CONVERSION = YES;
				CLANG_WARN_COMMA = YES;
				CLANG_WARN_CONSTANT_CONVERSION = YES;
				CLANG_WARN_DEPRECATED_OBJC_IMPLEMENTATIONS = YES;
				CLANG_WARN_DIRECT_OBJC_ISA_USAGE = YES_ERROR;
				CLANG_WARN_DOCUMENTATION_COMMENTS = YES;
				CLANG_WARN_EMPTY_BODY = YES;
				CLANG_WARN_ENUM_CONVERSION = YES;
				CLANG_WARN_INFINITE_RECURSION = YES;
				CLANG_WARN_INT_CONVERSION = YES;
				CLANG_WARN_NON_LITERAL_NULL_CONVERSION = YES;
				CLANG_WARN_OBJC_IMPLICIT_RETAIN_SELF = YES;
				CLANG_WARN_OBJC_LITERAL_CONVERSION = YES;
				CLANG_WARN_OBJC_ROOT_CLASS = YES_ERROR;
				CLANG_WARN_QUOTED_INCLUDE_IN_FRAMEWORK_HEADER = YES;
				CLANG_WARN_RANGE_LOOP_ANALYSIS = YES;
				CLANG_WARN_STRICT_PROTOTYPES = YES;
				CLANG_WARN_SUSPICIOUS_MOVE = YES;
				CLANG_WARN_UNGUARDED_AVAILABILITY = YES_AGGRESSIVE;
				CLANG_WARN_UNREACHABLE_CODE = YES;
				CLANG_WARN__DUPLICATE_METHOD_MATCH = YES;
				COPY_PHASE_STRIP = NO;
				DEBUG_INFORMATION_FORMAT = dwarf;
				ENABLE_STRICT_OBJC_MSGSEND = YES;
				ENABLE_TESTABILITY = YES;
				GCC_C_LANGUAGE_STANDARD = gnu11;
				GCC_DYNAMIC_NO_PIC = NO;
				GCC_NO_COMMON_BLOCKS = YES;
				GCC_OPTIMIZATION_LEVEL = 0;
				GCC_PREPROCESSOR_DEFINITIONS = (
					"DEBUG=1",
					"$(inherited)",
				);
				GCC_WARN_64_TO_32_BIT_CONVERSION = YES;
				GCC_WARN_ABOUT_RETURN_TYPE = YES_ERROR;
				GCC_WARN_UNDECLARED_SELECTOR = YES;
				GCC_WARN_UNINITIALIZED_AUTOS = YES_AGGRESSIVE;
				GCC_WARN_UNUSED_FUNCTION = YES;
				GCC_WARN_UNUSED_VARIABLE = YES;
				IPHONEOS_DEPLOYMENT_TARGET = 12.1;
				MTL_ENABLE_DEBUG_INFO = INCLUDE_SOURCE;
				MTL_FAST_MATH = YES;
				ONLY_ACTIVE_ARCH = YES;
				SDKROOT = iphoneos;
				SWIFT_ACTIVE_COMPILATION_CONDITIONS = DEBUG;
				SWIFT_OPTIMIZATION_LEVEL = "-Onone";
			};
			name = Debug;
		};
		88DF85962A0CB3B6001724EC /* Release */ = {
			isa = XCBuildConfiguration;
			buildSettings = {
				ALWAYS_SEARCH_USER_PATHS = NO;
				CLANG_ANALYZER_NONNULL = YES;
				CLANG_ANALYZER_NUMBER_OBJECT_CONVERSION = YES_AGGRESSIVE;
				CLANG_CXX_LANGUAGE_STANDARD = "gnu++20";
				CLANG_ENABLE_MODULES = YES;
				CLANG_ENABLE_OBJC_ARC = YES;
				CLANG_ENABLE_OBJC_WEAK = YES;
				CLANG_WARN_BLOCK_CAPTURE_AUTORELEASING = YES;
				CLANG_WARN_BOOL_CONVERSION = YES;
				CLANG_WARN_COMMA = YES;
				CLANG_WARN_CONSTANT_CONVERSION = YES;
				CLANG_WARN_DEPRECATED_OBJC_IMPLEMENTATIONS = YES;
				CLANG_WARN_DIRECT_OBJC_ISA_USAGE = YES_ERROR;
				CLANG_WARN_DOCUMENTATION_COMMENTS = YES;
				CLANG_WARN_EMPTY_BODY = YES;
				CLANG_WARN_ENUM_CONVERSION = YES;
				CLANG_WARN_INFINITE_RECURSION = YES;
				CLANG_WARN_INT_CONVERSION = YES;
				CLANG_WARN_NON_LITERAL_NULL_CONVERSION = YES;
				CLANG_WARN_OBJC_IMPLICIT_RETAIN_SELF = YES;
				CLANG_WARN_OBJC_LITERAL_CONVERSION = YES;
				CLANG_WARN_OBJC_ROOT_CLASS = YES_ERROR;
				CLANG_WARN_QUOTED_INCLUDE_IN_FRAMEWORK_HEADER = YES;
				CLANG_WARN_RANGE_LOOP_ANALYSIS = YES;
				CLANG_WARN_STRICT_PROTOTYPES = YES;
				CLANG_WARN_SUSPICIOUS_MOVE = YES;
				CLANG_WARN_UNGUARDED_AVAILABILITY = YES_AGGRESSIVE;
				CLANG_WARN_UNREACHABLE_CODE = YES;
				CLANG_WARN__DUPLICATE_METHOD_MATCH = YES;
				COPY_PHASE_STRIP = NO;
				DEBUG_INFORMATION_FORMAT = "dwarf-with-dsym";
				ENABLE_NS_ASSERTIONS = NO;
				ENABLE_STRICT_OBJC_MSGSEND = YES;
				GCC_C_LANGUAGE_STANDARD = gnu11;
				GCC_NO_COMMON_BLOCKS = YES;
				GCC_WARN_64_TO_32_BIT_CONVERSION = YES;
				GCC_WARN_ABOUT_RETURN_TYPE = YES_ERROR;
				GCC_WARN_UNDECLARED_SELECTOR = YES;
				GCC_WARN_UNINITIALIZED_AUTOS = YES_AGGRESSIVE;
				GCC_WARN_UNUSED_FUNCTION = YES;
				GCC_WARN_UNUSED_VARIABLE = YES;
				IPHONEOS_DEPLOYMENT_TARGET = 12.1;
				MTL_ENABLE_DEBUG_INFO = NO;
				MTL_FAST_MATH = YES;
				SDKROOT = iphoneos;
				SWIFT_COMPILATION_MODE = wholemodule;
				SWIFT_OPTIMIZATION_LEVEL = "-O";
				VALIDATE_PRODUCT = YES;
			};
			name = Release;
		};
		88DF85982A0CB3B6001724EC /* Debug */ = {
			isa = XCBuildConfiguration;
			buildSettings = {
				ASSETCATALOG_COMPILER_APPICON_NAME = AppIcon;
				ASSETCATALOG_COMPILER_GLOBAL_ACCENT_COLOR_NAME = AccentColor;
				CODE_SIGN_STYLE = Manual;
				CURRENT_PROJECT_VERSION = 1;
				DEVELOPMENT_TEAM = "";
				GENERATE_INFOPLIST_FILE = YES;
				INFOPLIST_FILE = "DesignComponentsDemo/Supporting Files/Info.plist";
				INFOPLIST_KEY_UIApplicationSupportsIndirectInputEvents = YES;
				INFOPLIST_KEY_UILaunchStoryboardName = LaunchScreen;
				INFOPLIST_KEY_UIMainStoryboardFile = Main;
				INFOPLIST_KEY_UISupportedInterfaceOrientations = UIInterfaceOrientationPortrait;
				INFOPLIST_KEY_UISupportedInterfaceOrientations_iPad = "UIInterfaceOrientationLandscapeLeft UIInterfaceOrientationLandscapeRight UIInterfaceOrientationPortrait UIInterfaceOrientationPortraitUpsideDown";
				LD_RUNPATH_SEARCH_PATHS = (
					"$(inherited)",
					"@executable_path/Frameworks",
				);
				MARKETING_VERSION = 1.0;
				PRODUCT_BUNDLE_IDENTIFIER = com.DesignComponentsDemo;
				PRODUCT_NAME = "$(TARGET_NAME)";
				PROVISIONING_PROFILE_SPECIFIER = "";
				SWIFT_EMIT_LOC_STRINGS = YES;
				SWIFT_VERSION = 5.0;
				TARGETED_DEVICE_FAMILY = "1,2";
			};
			name = Debug;
		};
		88DF85992A0CB3B6001724EC /* Release */ = {
			isa = XCBuildConfiguration;
			buildSettings = {
				ASSETCATALOG_COMPILER_APPICON_NAME = AppIcon;
				ASSETCATALOG_COMPILER_GLOBAL_ACCENT_COLOR_NAME = AccentColor;
				CODE_SIGN_STYLE = Manual;
				CURRENT_PROJECT_VERSION = 1;
				DEVELOPMENT_TEAM = "";
				GENERATE_INFOPLIST_FILE = YES;
				INFOPLIST_FILE = "DesignComponentsDemo/Supporting Files/Info.plist";
				INFOPLIST_KEY_UIApplicationSupportsIndirectInputEvents = YES;
				INFOPLIST_KEY_UILaunchStoryboardName = LaunchScreen;
				INFOPLIST_KEY_UIMainStoryboardFile = Main;
				INFOPLIST_KEY_UISupportedInterfaceOrientations = UIInterfaceOrientationPortrait;
				INFOPLIST_KEY_UISupportedInterfaceOrientations_iPad = "UIInterfaceOrientationLandscapeLeft UIInterfaceOrientationLandscapeRight UIInterfaceOrientationPortrait UIInterfaceOrientationPortraitUpsideDown";
				LD_RUNPATH_SEARCH_PATHS = (
					"$(inherited)",
					"@executable_path/Frameworks",
				);
				MARKETING_VERSION = 1.0;
				PRODUCT_BUNDLE_IDENTIFIER = com.DesignComponentsDemo;
				PRODUCT_NAME = "$(TARGET_NAME)";
				PROVISIONING_PROFILE_SPECIFIER = "";
				SWIFT_EMIT_LOC_STRINGS = YES;
				SWIFT_VERSION = 5.0;
				TARGETED_DEVICE_FAMILY = "1,2";
			};
			name = Release;
		};
/* End XCBuildConfiguration section */

/* Begin XCConfigurationList section */
		88DF857E2A0CB3B5001724EC /* Build configuration list for PBXProject "DesignComponentsDemo" */ = {
			isa = XCConfigurationList;
			buildConfigurations = (
				88DF85952A0CB3B6001724EC /* Debug */,
				88DF85962A0CB3B6001724EC /* Release */,
			);
			defaultConfigurationIsVisible = 0;
			defaultConfigurationName = Release;
		};
		88DF85972A0CB3B6001724EC /* Build configuration list for PBXNativeTarget "DesignComponentsDemo" */ = {
			isa = XCConfigurationList;
			buildConfigurations = (
				88DF85982A0CB3B6001724EC /* Debug */,
				88DF85992A0CB3B6001724EC /* Release */,
			);
			defaultConfigurationIsVisible = 0;
			defaultConfigurationName = Release;
		};
/* End XCConfigurationList section */

/* Begin XCSwiftPackageProductDependency section */
		0CAEA9592AA718600004A11F /* DesignComponents */ = {
			isa = XCSwiftPackageProductDependency;
			productName = DesignComponents;
		};
/* End XCSwiftPackageProductDependency section */
	};
	rootObject = 88DF857B2A0CB3B5001724EC /* Project object */;
}
